// !$*UTF8*$!
{
	archiveVersion = 1;
	classes = {
	};
	objectVersion = 56;
	objects = {

/* Begin PBXBuildFile section */
		382780F82B68585000F8BD59 /* TamToDoListApp.swift in Sources */ = {isa = PBXBuildFile; fileRef = 382780F72B68585000F8BD59 /* TamToDoListApp.swift */; };
		382780FA2B68585000F8BD59 /* MainView.swift in Sources */ = {isa = PBXBuildFile; fileRef = 382780F92B68585000F8BD59 /* MainView.swift */; };
		382780FC2B68585500F8BD59 /* Assets.xcassets in Resources */ = {isa = PBXBuildFile; fileRef = 382780FB2B68585500F8BD59 /* Assets.xcassets */; };
		382780FF2B68585500F8BD59 /* Preview Assets.xcassets in Resources */ = {isa = PBXBuildFile; fileRef = 382780FE2B68585500F8BD59 /* Preview Assets.xcassets */; };
		382BC6132B687B9E00473F25 /* ProfileView.swift in Sources */ = {isa = PBXBuildFile; fileRef = 382BC6122B687B9E00473F25 /* ProfileView.swift */; };
		382BC6172B687BCA00473F25 /* ToDoListView.swift in Sources */ = {isa = PBXBuildFile; fileRef = 382BC6162B687BCA00473F25 /* ToDoListView.swift */; };
		382BC61B2B687BE000473F25 /* NewItemView.swift in Sources */ = {isa = PBXBuildFile; fileRef = 382BC61A2B687BE000473F25 /* NewItemView.swift */; };
		382BC61F2B687C0500473F25 /* LoginView.swift in Sources */ = {isa = PBXBuildFile; fileRef = 382BC61E2B687C0500473F25 /* LoginView.swift */; };
		382BC6232B687C1F00473F25 /* RegisterView.swift in Sources */ = {isa = PBXBuildFile; fileRef = 382BC6222B687C1F00473F25 /* RegisterView.swift */; };
		382BC6272B687C6800473F25 /* ToDoListItemView.swift in Sources */ = {isa = PBXBuildFile; fileRef = 382BC6262B687C6800473F25 /* ToDoListItemView.swift */; };
		382BC62B2B687F1D00473F25 /* User.swift in Sources */ = {isa = PBXBuildFile; fileRef = 382BC62A2B687F1C00473F25 /* User.swift */; };
		382BC62F2B687F7E00473F25 /* ToDoListItem.swift in Sources */ = {isa = PBXBuildFile; fileRef = 382BC62E2B687F7E00473F25 /* ToDoListItem.swift */; };
		382BC6332B687FC700473F25 /* MainViewViewModel.swift in Sources */ = {isa = PBXBuildFile; fileRef = 382BC6322B687FC700473F25 /* MainViewViewModel.swift */; };
		382BC6372B687FE700473F25 /* ProfileViewViewModel.swift in Sources */ = {isa = PBXBuildFile; fileRef = 382BC6362B687FE700473F25 /* ProfileViewViewModel.swift */; };
		382BC63B2B68800600473F25 /* ToDoListItemViewViewModel.swift in Sources */ = {isa = PBXBuildFile; fileRef = 382BC63A2B68800600473F25 /* ToDoListItemViewViewModel.swift */; };
		382BC63F2B68802E00473F25 /* NewItemViewViewModel.swift in Sources */ = {isa = PBXBuildFile; fileRef = 382BC63E2B68802E00473F25 /* NewItemViewViewModel.swift */; };
		382BC6432B68803F00473F25 /* LoginViewViewModel.swift in Sources */ = {isa = PBXBuildFile; fileRef = 382BC6422B68803F00473F25 /* LoginViewViewModel.swift */; };
		382BC6472B68805400473F25 /* RegisterViewViewModel.swift in Sources */ = {isa = PBXBuildFile; fileRef = 382BC6462B68805400473F25 /* RegisterViewViewModel.swift */; };
		382BC64B2B6880DC00473F25 /* ToDoListViewModel.swift in Sources */ = {isa = PBXBuildFile; fileRef = 382BC64A2B6880DC00473F25 /* ToDoListViewModel.swift */; };
		382BC64F2B6895B900473F25 /* HeaderView.swift in Sources */ = {isa = PBXBuildFile; fileRef = 382BC64E2B6895B900473F25 /* HeaderView.swift */; };
		382DC32E2B685D2B000A5242 /* GoogleService-Info.plist in Resources */ = {isa = PBXBuildFile; fileRef = 382DC32D2B685D2A000A5242 /* GoogleService-Info.plist */; };
		382DC3332B685E12000A5242 /* FirebaseAnalytics in Frameworks */ = {isa = PBXBuildFile; productRef = 382DC3322B685E12000A5242 /* FirebaseAnalytics */; };
		382DC3352B685E12000A5242 /* FirebaseAnalyticsOnDeviceConversion in Frameworks */ = {isa = PBXBuildFile; productRef = 382DC3342B685E12000A5242 /* FirebaseAnalyticsOnDeviceConversion */; };
		382DC3372B685E12000A5242 /* FirebaseAnalyticsSwift in Frameworks */ = {isa = PBXBuildFile; productRef = 382DC3362B685E12000A5242 /* FirebaseAnalyticsSwift */; };
		382DC3392B685E12000A5242 /* FirebaseAnalyticsWithoutAdIdSupport in Frameworks */ = {isa = PBXBuildFile; productRef = 382DC3382B685E12000A5242 /* FirebaseAnalyticsWithoutAdIdSupport */; };
		382DC33B2B685E12000A5242 /* FirebaseAppCheck in Frameworks */ = {isa = PBXBuildFile; productRef = 382DC33A2B685E12000A5242 /* FirebaseAppCheck */; };
		3878B8772B6ED4A100245BA3 /* Launch Screen.storyboard in Resources */ = {isa = PBXBuildFile; fileRef = 3878B8762B6ED4A100245BA3 /* Launch Screen.storyboard */; };
		387E06C12B698AE0009D814C /* TLButton.swift in Sources */ = {isa = PBXBuildFile; fileRef = 387E06C02B698AE0009D814C /* TLButton.swift */; };
		387E06C32B69A2E5009D814C /* FirebaseAnalytics in Frameworks */ = {isa = PBXBuildFile; productRef = 387E06C22B69A2E5009D814C /* FirebaseAnalytics */; };
		387E06C52B69A2E5009D814C /* FirebaseAnalyticsOnDeviceConversion in Frameworks */ = {isa = PBXBuildFile; productRef = 387E06C42B69A2E5009D814C /* FirebaseAnalyticsOnDeviceConversion */; };
		387E06C72B69A2E5009D814C /* FirebaseAnalyticsSwift in Frameworks */ = {isa = PBXBuildFile; productRef = 387E06C62B69A2E5009D814C /* FirebaseAnalyticsSwift */; };
		387E06C92B69A2E5009D814C /* FirebaseAnalyticsWithoutAdIdSupport in Frameworks */ = {isa = PBXBuildFile; productRef = 387E06C82B69A2E5009D814C /* FirebaseAnalyticsWithoutAdIdSupport */; };
		387E06CB2B69A2E5009D814C /* FirebaseAppCheck in Frameworks */ = {isa = PBXBuildFile; productRef = 387E06CA2B69A2E5009D814C /* FirebaseAppCheck */; };
		387E06CD2B69A2E5009D814C /* FirebaseAppDistribution-Beta in Frameworks */ = {isa = PBXBuildFile; productRef = 387E06CC2B69A2E5009D814C /* FirebaseAppDistribution-Beta */; };
		387E06CF2B69A2E5009D814C /* FirebaseAuth in Frameworks */ = {isa = PBXBuildFile; productRef = 387E06CE2B69A2E5009D814C /* FirebaseAuth */; };
		387E06D12B69A2E5009D814C /* FirebaseAuthCombine-Community in Frameworks */ = {isa = PBXBuildFile; productRef = 387E06D02B69A2E5009D814C /* FirebaseAuthCombine-Community */; };
		387E06D32B69A2E5009D814C /* FirebaseCrashlytics in Frameworks */ = {isa = PBXBuildFile; productRef = 387E06D22B69A2E5009D814C /* FirebaseCrashlytics */; };
		387E06D52B69A2E5009D814C /* FirebaseDatabase in Frameworks */ = {isa = PBXBuildFile; productRef = 387E06D42B69A2E5009D814C /* FirebaseDatabase */; };
		387E06D72B69A2E5009D814C /* FirebaseDatabaseSwift in Frameworks */ = {isa = PBXBuildFile; productRef = 387E06D62B69A2E5009D814C /* FirebaseDatabaseSwift */; };
		387E06D92B69A2E5009D814C /* FirebaseDynamicLinks in Frameworks */ = {isa = PBXBuildFile; productRef = 387E06D82B69A2E5009D814C /* FirebaseDynamicLinks */; };
		387E06DB2B69A2E5009D814C /* FirebaseFirestore in Frameworks */ = {isa = PBXBuildFile; productRef = 387E06DA2B69A2E5009D814C /* FirebaseFirestore */; };
		387E06DD2B69A2E5009D814C /* FirebaseFirestoreCombine-Community in Frameworks */ = {isa = PBXBuildFile; productRef = 387E06DC2B69A2E5009D814C /* FirebaseFirestoreCombine-Community */; };
		387E06DF2B69A2E5009D814C /* FirebaseFirestoreSwift in Frameworks */ = {isa = PBXBuildFile; productRef = 387E06DE2B69A2E5009D814C /* FirebaseFirestoreSwift */; };
		387E06E12B69A2E5009D814C /* FirebaseFunctions in Frameworks */ = {isa = PBXBuildFile; productRef = 387E06E02B69A2E5009D814C /* FirebaseFunctions */; };
		387E06E32B69A2E5009D814C /* FirebaseFunctionsCombine-Community in Frameworks */ = {isa = PBXBuildFile; productRef = 387E06E22B69A2E5009D814C /* FirebaseFunctionsCombine-Community */; };
		387E06E52B69A2E5009D814C /* FirebaseInAppMessaging-Beta in Frameworks */ = {isa = PBXBuildFile; productRef = 387E06E42B69A2E5009D814C /* FirebaseInAppMessaging-Beta */; };
		387E06E72B69A2E5009D814C /* FirebaseInAppMessagingSwift-Beta in Frameworks */ = {isa = PBXBuildFile; productRef = 387E06E62B69A2E5009D814C /* FirebaseInAppMessagingSwift-Beta */; };
		387E06E92B69A2E5009D814C /* FirebaseInstallations in Frameworks */ = {isa = PBXBuildFile; productRef = 387E06E82B69A2E5009D814C /* FirebaseInstallations */; };
		387E06EB2B69A2E5009D814C /* FirebaseMLModelDownloader in Frameworks */ = {isa = PBXBuildFile; productRef = 387E06EA2B69A2E5009D814C /* FirebaseMLModelDownloader */; };
		387E06ED2B69A2E5009D814C /* FirebaseMessaging in Frameworks */ = {isa = PBXBuildFile; productRef = 387E06EC2B69A2E5009D814C /* FirebaseMessaging */; };
		387E06EF2B69A2E5009D814C /* FirebasePerformance in Frameworks */ = {isa = PBXBuildFile; productRef = 387E06EE2B69A2E5009D814C /* FirebasePerformance */; };
		387E06F12B69A2E5009D814C /* FirebaseRemoteConfig in Frameworks */ = {isa = PBXBuildFile; productRef = 387E06F02B69A2E5009D814C /* FirebaseRemoteConfig */; };
		387E06F32B69A2E5009D814C /* FirebaseRemoteConfigSwift in Frameworks */ = {isa = PBXBuildFile; productRef = 387E06F22B69A2E5009D814C /* FirebaseRemoteConfigSwift */; };
		387E06F52B69A2E5009D814C /* FirebaseStorage in Frameworks */ = {isa = PBXBuildFile; productRef = 387E06F42B69A2E5009D814C /* FirebaseStorage */; };
		387E06F72B69A2E5009D814C /* FirebaseStorageCombine-Community in Frameworks */ = {isa = PBXBuildFile; productRef = 387E06F62B69A2E5009D814C /* FirebaseStorageCombine-Community */; };
		387E06F92B69B04F009D814C /* Extensions.swift in Sources */ = {isa = PBXBuildFile; fileRef = 387E06F82B69B04F009D814C /* Extensions.swift */; };
/* End PBXBuildFile section */

/* Begin PBXFileReference section */
		382780F42B68585000F8BD59 /* TamToDoList.app */ = {isa = PBXFileReference; explicitFileType = wrapper.application; includeInIndex = 0; path = TamToDoList.app; sourceTree = BUILT_PRODUCTS_DIR; };
		382780F72B68585000F8BD59 /* TamToDoListApp.swift */ = {isa = PBXFileReference; lastKnownFileType = sourcecode.swift; path = TamToDoListApp.swift; sourceTree = "<group>"; };
		382780F92B68585000F8BD59 /* MainView.swift */ = {isa = PBXFileReference; lastKnownFileType = sourcecode.swift; path = MainView.swift; sourceTree = "<group>"; };
		382780FB2B68585500F8BD59 /* Assets.xcassets */ = {isa = PBXFileReference; lastKnownFileType = folder.assetcatalog; path = Assets.xcassets; sourceTree = "<group>"; };
		382780FE2B68585500F8BD59 /* Preview Assets.xcassets */ = {isa = PBXFileReference; lastKnownFileType = folder.assetcatalog; path = "Preview Assets.xcassets"; sourceTree = "<group>"; };
		382BC6122B687B9E00473F25 /* ProfileView.swift */ = {isa = PBXFileReference; lastKnownFileType = sourcecode.swift; path = ProfileView.swift; sourceTree = "<group>"; };
		382BC6162B687BCA00473F25 /* ToDoListView.swift */ = {isa = PBXFileReference; lastKnownFileType = sourcecode.swift; path = ToDoListView.swift; sourceTree = "<group>"; };
		382BC61A2B687BE000473F25 /* NewItemView.swift */ = {isa = PBXFileReference; lastKnownFileType = sourcecode.swift; path = NewItemView.swift; sourceTree = "<group>"; };
		382BC61E2B687C0500473F25 /* LoginView.swift */ = {isa = PBXFileReference; lastKnownFileType = sourcecode.swift; path = LoginView.swift; sourceTree = "<group>"; };
		382BC6222B687C1F00473F25 /* RegisterView.swift */ = {isa = PBXFileReference; lastKnownFileType = sourcecode.swift; path = RegisterView.swift; sourceTree = "<group>"; };
		382BC6262B687C6800473F25 /* ToDoListItemView.swift */ = {isa = PBXFileReference; lastKnownFileType = sourcecode.swift; path = ToDoListItemView.swift; sourceTree = "<group>"; };
		382BC62A2B687F1C00473F25 /* User.swift */ = {isa = PBXFileReference; lastKnownFileType = sourcecode.swift; path = User.swift; sourceTree = "<group>"; };
		382BC62E2B687F7E00473F25 /* ToDoListItem.swift */ = {isa = PBXFileReference; lastKnownFileType = sourcecode.swift; path = ToDoListItem.swift; sourceTree = "<group>"; };
		382BC6322B687FC700473F25 /* MainViewViewModel.swift */ = {isa = PBXFileReference; lastKnownFileType = sourcecode.swift; path = MainViewViewModel.swift; sourceTree = "<group>"; };
		382BC6362B687FE700473F25 /* ProfileViewViewModel.swift */ = {isa = PBXFileReference; lastKnownFileType = sourcecode.swift; path = ProfileViewViewModel.swift; sourceTree = "<group>"; };
		382BC63A2B68800600473F25 /* ToDoListItemViewViewModel.swift */ = {isa = PBXFileReference; lastKnownFileType = sourcecode.swift; path = ToDoListItemViewViewModel.swift; sourceTree = "<group>"; };
		382BC63E2B68802E00473F25 /* NewItemViewViewModel.swift */ = {isa = PBXFileReference; lastKnownFileType = sourcecode.swift; path = NewItemViewViewModel.swift; sourceTree = "<group>"; };
		382BC6422B68803F00473F25 /* LoginViewViewModel.swift */ = {isa = PBXFileReference; lastKnownFileType = sourcecode.swift; path = LoginViewViewModel.swift; sourceTree = "<group>"; };
		382BC6462B68805400473F25 /* RegisterViewViewModel.swift */ = {isa = PBXFileReference; lastKnownFileType = sourcecode.swift; path = RegisterViewViewModel.swift; sourceTree = "<group>"; };
		382BC64A2B6880DC00473F25 /* ToDoListViewModel.swift */ = {isa = PBXFileReference; lastKnownFileType = sourcecode.swift; path = ToDoListViewModel.swift; sourceTree = "<group>"; };
		382BC64E2B6895B900473F25 /* HeaderView.swift */ = {isa = PBXFileReference; lastKnownFileType = sourcecode.swift; path = HeaderView.swift; sourceTree = "<group>"; };
		382DC32D2B685D2A000A5242 /* GoogleService-Info.plist */ = {isa = PBXFileReference; fileEncoding = 4; lastKnownFileType = text.plist.xml; path = "GoogleService-Info.plist"; sourceTree = "<group>"; };
		3878B8762B6ED4A100245BA3 /* Launch Screen.storyboard */ = {isa = PBXFileReference; lastKnownFileType = file.storyboard; path = "Launch Screen.storyboard"; sourceTree = "<group>"; };
		387E06C02B698AE0009D814C /* TLButton.swift */ = {isa = PBXFileReference; lastKnownFileType = sourcecode.swift; path = TLButton.swift; sourceTree = "<group>"; };
		387E06F82B69B04F009D814C /* Extensions.swift */ = {isa = PBXFileReference; lastKnownFileType = sourcecode.swift; path = Extensions.swift; sourceTree = "<group>"; };
/* End PBXFileReference section */

/* Begin PBXFrameworksBuildPhase section */
		382780F12B68585000F8BD59 /* Frameworks */ = {
			isa = PBXFrameworksBuildPhase;
			buildActionMask = 2147483647;
			files = (
				387E06ED2B69A2E5009D814C /* FirebaseMessaging in Frameworks */,
				387E06DD2B69A2E5009D814C /* FirebaseFirestoreCombine-Community in Frameworks */,
				387E06D52B69A2E5009D814C /* FirebaseDatabase in Frameworks */,
				382DC3372B685E12000A5242 /* FirebaseAnalyticsSwift in Frameworks */,
				387E06F52B69A2E5009D814C /* FirebaseStorage in Frameworks */,
				382DC3332B685E12000A5242 /* FirebaseAnalytics in Frameworks */,
				387E06C32B69A2E5009D814C /* FirebaseAnalytics in Frameworks */,
				387E06D32B69A2E5009D814C /* FirebaseCrashlytics in Frameworks */,
				387E06DB2B69A2E5009D814C /* FirebaseFirestore in Frameworks */,
				387E06D92B69A2E5009D814C /* FirebaseDynamicLinks in Frameworks */,
				387E06F72B69A2E5009D814C /* FirebaseStorageCombine-Community in Frameworks */,
				387E06C52B69A2E5009D814C /* FirebaseAnalyticsOnDeviceConversion in Frameworks */,
				387E06E32B69A2E5009D814C /* FirebaseFunctionsCombine-Community in Frameworks */,
				387E06E72B69A2E5009D814C /* FirebaseInAppMessagingSwift-Beta in Frameworks */,
				387E06EB2B69A2E5009D814C /* FirebaseMLModelDownloader in Frameworks */,
				387E06E52B69A2E5009D814C /* FirebaseInAppMessaging-Beta in Frameworks */,
				387E06EF2B69A2E5009D814C /* FirebasePerformance in Frameworks */,
				387E06D12B69A2E5009D814C /* FirebaseAuthCombine-Community in Frameworks */,
				387E06C72B69A2E5009D814C /* FirebaseAnalyticsSwift in Frameworks */,
				387E06D72B69A2E5009D814C /* FirebaseDatabaseSwift in Frameworks */,
				382DC3352B685E12000A5242 /* FirebaseAnalyticsOnDeviceConversion in Frameworks */,
				387E06F12B69A2E5009D814C /* FirebaseRemoteConfig in Frameworks */,
				382DC33B2B685E12000A5242 /* FirebaseAppCheck in Frameworks */,
				387E06CF2B69A2E5009D814C /* FirebaseAuth in Frameworks */,
				387E06E12B69A2E5009D814C /* FirebaseFunctions in Frameworks */,
				387E06E92B69A2E5009D814C /* FirebaseInstallations in Frameworks */,
				387E06DF2B69A2E5009D814C /* FirebaseFirestoreSwift in Frameworks */,
				387E06C92B69A2E5009D814C /* FirebaseAnalyticsWithoutAdIdSupport in Frameworks */,
				387E06CB2B69A2E5009D814C /* FirebaseAppCheck in Frameworks */,
				387E06F32B69A2E5009D814C /* FirebaseRemoteConfigSwift in Frameworks */,
				387E06CD2B69A2E5009D814C /* FirebaseAppDistribution-Beta in Frameworks */,
				382DC3392B685E12000A5242 /* FirebaseAnalyticsWithoutAdIdSupport in Frameworks */,
			);
			runOnlyForDeploymentPostprocessing = 0;
		};
/* End PBXFrameworksBuildPhase section */

/* Begin PBXGroup section */
		382780EB2B68584F00F8BD59 = {
			isa = PBXGroup;
			children = (
				382780F62B68585000F8BD59 /* TamToDoList */,
				382780F52B68585000F8BD59 /* Products */,
			);
			sourceTree = "<group>";
		};
		382780F52B68585000F8BD59 /* Products */ = {
			isa = PBXGroup;
			children = (
				382780F42B68585000F8BD59 /* TamToDoList.app */,
			);
			name = Products;
			sourceTree = "<group>";
		};
		382780F62B68585000F8BD59 /* TamToDoList */ = {
			isa = PBXGroup;
			children = (
				382DC33F2B687307000A5242 /* Other */,
				382DC33E2B6872EF000A5242 /* Models */,
				382DC33D2B6872E5000A5242 /* ViewModels */,
				382DC33C2B68702A000A5242 /* Views */,
				382780FD2B68585500F8BD59 /* Preview Content */,
			);
			path = TamToDoList;
			sourceTree = "<group>";
		};
		382780FD2B68585500F8BD59 /* Preview Content */ = {
			isa = PBXGroup;
			children = (
				382780FE2B68585500F8BD59 /* Preview Assets.xcassets */,
			);
			path = "Preview Content";
			sourceTree = "<group>";
		};
		382DC33C2B68702A000A5242 /* Views */ = {
			isa = PBXGroup;
			children = (
				382780F92B68585000F8BD59 /* MainView.swift */,
				382BC6122B687B9E00473F25 /* ProfileView.swift */,
				382BC6162B687BCA00473F25 /* ToDoListView.swift */,
				382BC61A2B687BE000473F25 /* NewItemView.swift */,
				382BC61E2B687C0500473F25 /* LoginView.swift */,
				382BC6222B687C1F00473F25 /* RegisterView.swift */,
				382BC6262B687C6800473F25 /* ToDoListItemView.swift */,
				382BC64E2B6895B900473F25 /* HeaderView.swift */,
				387E06C02B698AE0009D814C /* TLButton.swift */,
			);
			path = Views;
			sourceTree = "<group>";
		};
		382DC33D2B6872E5000A5242 /* ViewModels */ = {
			isa = PBXGroup;
			children = (
				382BC6322B687FC700473F25 /* MainViewViewModel.swift */,
				382BC6362B687FE700473F25 /* ProfileViewViewModel.swift */,
				382BC63A2B68800600473F25 /* ToDoListItemViewViewModel.swift */,
				382BC63E2B68802E00473F25 /* NewItemViewViewModel.swift */,
				382BC6422B68803F00473F25 /* LoginViewViewModel.swift */,
				382BC6462B68805400473F25 /* RegisterViewViewModel.swift */,
				382BC64A2B6880DC00473F25 /* ToDoListViewModel.swift */,
			);
			path = ViewModels;
			sourceTree = "<group>";
		};
		382DC33E2B6872EF000A5242 /* Models */ = {
			isa = PBXGroup;
			children = (
				382BC62A2B687F1C00473F25 /* User.swift */,
				382BC62E2B687F7E00473F25 /* ToDoListItem.swift */,
			);
			path = Models;
			sourceTree = "<group>";
		};
		382DC33F2B687307000A5242 /* Other */ = {
			isa = PBXGroup;
			children = (
				382DC32D2B685D2A000A5242 /* GoogleService-Info.plist */,
				382780F72B68585000F8BD59 /* TamToDoListApp.swift */,
				382780FB2B68585500F8BD59 /* Assets.xcassets */,
				387E06F82B69B04F009D814C /* Extensions.swift */,
				3878B8762B6ED4A100245BA3 /* Launch Screen.storyboard */,
			);
			path = Other;
			sourceTree = "<group>";
		};
/* End PBXGroup section */

/* Begin PBXNativeTarget section */
		382780F32B68585000F8BD59 /* TamToDoList */ = {
			isa = PBXNativeTarget;
			buildConfigurationList = 382781182B68585600F8BD59 /* Build configuration list for PBXNativeTarget "TamToDoList" */;
			buildPhases = (
				382780F02B68585000F8BD59 /* Sources */,
				382780F12B68585000F8BD59 /* Frameworks */,
				382780F22B68585000F8BD59 /* Resources */,
			);
			buildRules = (
			);
			dependencies = (
			);
			name = TamToDoList;
			packageProductDependencies = (
				382DC3322B685E12000A5242 /* FirebaseAnalytics */,
				382DC3342B685E12000A5242 /* FirebaseAnalyticsOnDeviceConversion */,
				382DC3362B685E12000A5242 /* FirebaseAnalyticsSwift */,
				382DC3382B685E12000A5242 /* FirebaseAnalyticsWithoutAdIdSupport */,
				382DC33A2B685E12000A5242 /* FirebaseAppCheck */,
				387E06C22B69A2E5009D814C /* FirebaseAnalytics */,
				387E06C42B69A2E5009D814C /* FirebaseAnalyticsOnDeviceConversion */,
				387E06C62B69A2E5009D814C /* FirebaseAnalyticsSwift */,
				387E06C82B69A2E5009D814C /* FirebaseAnalyticsWithoutAdIdSupport */,
				387E06CA2B69A2E5009D814C /* FirebaseAppCheck */,
				387E06CC2B69A2E5009D814C /* FirebaseAppDistribution-Beta */,
				387E06CE2B69A2E5009D814C /* FirebaseAuth */,
				387E06D02B69A2E5009D814C /* FirebaseAuthCombine-Community */,
				387E06D22B69A2E5009D814C /* FirebaseCrashlytics */,
				387E06D42B69A2E5009D814C /* FirebaseDatabase */,
				387E06D62B69A2E5009D814C /* FirebaseDatabaseSwift */,
				387E06D82B69A2E5009D814C /* FirebaseDynamicLinks */,
				387E06DA2B69A2E5009D814C /* FirebaseFirestore */,
				387E06DC2B69A2E5009D814C /* FirebaseFirestoreCombine-Community */,
				387E06DE2B69A2E5009D814C /* FirebaseFirestoreSwift */,
				387E06E02B69A2E5009D814C /* FirebaseFunctions */,
				387E06E22B69A2E5009D814C /* FirebaseFunctionsCombine-Community */,
				387E06E42B69A2E5009D814C /* FirebaseInAppMessaging-Beta */,
				387E06E62B69A2E5009D814C /* FirebaseInAppMessagingSwift-Beta */,
				387E06E82B69A2E5009D814C /* FirebaseInstallations */,
				387E06EA2B69A2E5009D814C /* FirebaseMLModelDownloader */,
				387E06EC2B69A2E5009D814C /* FirebaseMessaging */,
				387E06EE2B69A2E5009D814C /* FirebasePerformance */,
				387E06F02B69A2E5009D814C /* FirebaseRemoteConfig */,
				387E06F22B69A2E5009D814C /* FirebaseRemoteConfigSwift */,
				387E06F42B69A2E5009D814C /* FirebaseStorage */,
				387E06F62B69A2E5009D814C /* FirebaseStorageCombine-Community */,
			);
			productName = TamToDoList;
			productReference = 382780F42B68585000F8BD59 /* TamToDoList.app */;
			productType = "com.apple.product-type.application";
		};
/* End PBXNativeTarget section */

/* Begin PBXProject section */
		382780EC2B68584F00F8BD59 /* Project object */ = {
			isa = PBXProject;
			attributes = {
				BuildIndependentTargetsInParallel = 1;
				LastSwiftUpdateCheck = 1510;
				LastUpgradeCheck = 1510;
				TargetAttributes = {
					382780F32B68585000F8BD59 = {
						CreatedOnToolsVersion = 15.1;
					};
				};
			};
			buildConfigurationList = 382780EF2B68584F00F8BD59 /* Build configuration list for PBXProject "TamToDoList" */;
			compatibilityVersion = "Xcode 14.0";
			developmentRegion = en;
			hasScannedForEncodings = 0;
			knownRegions = (
				en,
				Base,
			);
			mainGroup = 382780EB2B68584F00F8BD59;
			packageReferences = (
				382DC3312B685E12000A5242 /* XCRemoteSwiftPackageReference "firebase-ios-sdk" */,
			);
			productRefGroup = 382780F52B68585000F8BD59 /* Products */;
			projectDirPath = "";
			projectRoot = "";
			targets = (
				382780F32B68585000F8BD59 /* TamToDoList */,
			);
		};
/* End PBXProject section */

/* Begin PBXResourcesBuildPhase section */
		382780F22B68585000F8BD59 /* Resources */ = {
			isa = PBXResourcesBuildPhase;
			buildActionMask = 2147483647;
			files = (
				382780FF2B68585500F8BD59 /* Preview Assets.xcassets in Resources */,
				382780FC2B68585500F8BD59 /* Assets.xcassets in Resources */,
				3878B8772B6ED4A100245BA3 /* Launch Screen.storyboard in Resources */,
				382DC32E2B685D2B000A5242 /* GoogleService-Info.plist in Resources */,
			);
			runOnlyForDeploymentPostprocessing = 0;
		};
/* End PBXResourcesBuildPhase section */

/* Begin PBXSourcesBuildPhase section */
		382780F02B68585000F8BD59 /* Sources */ = {
			isa = PBXSourcesBuildPhase;
			buildActionMask = 2147483647;
			files = (
				382BC61F2B687C0500473F25 /* LoginView.swift in Sources */,
				382BC64F2B6895B900473F25 /* HeaderView.swift in Sources */,
				382780FA2B68585000F8BD59 /* MainView.swift in Sources */,
				382BC6472B68805400473F25 /* RegisterViewViewModel.swift in Sources */,
				382BC6332B687FC700473F25 /* MainViewViewModel.swift in Sources */,
				382BC6172B687BCA00473F25 /* ToDoListView.swift in Sources */,
				382BC6232B687C1F00473F25 /* RegisterView.swift in Sources */,
				387E06C12B698AE0009D814C /* TLButton.swift in Sources */,
				382BC6372B687FE700473F25 /* ProfileViewViewModel.swift in Sources */,
				382BC6132B687B9E00473F25 /* ProfileView.swift in Sources */,
				382BC62B2B687F1D00473F25 /* User.swift in Sources */,
				382BC6272B687C6800473F25 /* ToDoListItemView.swift in Sources */,
				382BC63B2B68800600473F25 /* ToDoListItemViewViewModel.swift in Sources */,
				382BC6432B68803F00473F25 /* LoginViewViewModel.swift in Sources */,
				382780F82B68585000F8BD59 /* TamToDoListApp.swift in Sources */,
				387E06F92B69B04F009D814C /* Extensions.swift in Sources */,
				382BC64B2B6880DC00473F25 /* ToDoListViewModel.swift in Sources */,
				382BC62F2B687F7E00473F25 /* ToDoListItem.swift in Sources */,
				382BC61B2B687BE000473F25 /* NewItemView.swift in Sources */,
				382BC63F2B68802E00473F25 /* NewItemViewViewModel.swift in Sources */,
			);
			runOnlyForDeploymentPostprocessing = 0;
		};
/* End PBXSourcesBuildPhase section */

/* Begin XCBuildConfiguration section */
		382781162B68585600F8BD59 /* Debug */ = {
			isa = XCBuildConfiguration;
			buildSettings = {
				ALWAYS_SEARCH_USER_PATHS = NO;
				ASSETCATALOG_COMPILER_GENERATE_SWIFT_ASSET_SYMBOL_EXTENSIONS = YES;
				CLANG_ANALYZER_NONNULL = YES;
				CLANG_ANALYZER_NUMBER_OBJECT_CONVERSION = YES_AGGRESSIVE;
				CLANG_CXX_LANGUAGE_STANDARD = "gnu++20";
				CLANG_ENABLE_MODULES = YES;
				CLANG_ENABLE_OBJC_ARC = YES;
				CLANG_ENABLE_OBJC_WEAK = YES;
				CLANG_WARN_BLOCK_CAPTURE_AUTORELEASING = YES;
				CLANG_WARN_BOOL_CONVERSION = YES;
				CLANG_WARN_COMMA = YES;
				CLANG_WARN_CONSTANT_CONVERSION = YES;
				CLANG_WARN_DEPRECATED_OBJC_IMPLEMENTATIONS = YES;
				CLANG_WARN_DIRECT_OBJC_ISA_USAGE = YES_ERROR;
				CLANG_WARN_DOCUMENTATION_COMMENTS = YES;
				CLANG_WARN_EMPTY_BODY = YES;
				CLANG_WARN_ENUM_CONVERSION = YES;
				CLANG_WARN_INFINITE_RECURSION = YES;
				CLANG_WARN_INT_CONVERSION = YES;
				CLANG_WARN_NON_LITERAL_NULL_CONVERSION = YES;
				CLANG_WARN_OBJC_IMPLICIT_RETAIN_SELF = YES;
				CLANG_WARN_OBJC_LITERAL_CONVERSION = YES;
				CLANG_WARN_OBJC_ROOT_CLASS = YES_ERROR;
				CLANG_WARN_QUOTED_INCLUDE_IN_FRAMEWORK_HEADER = YES;
				CLANG_WARN_RANGE_LOOP_ANALYSIS = YES;
				CLANG_WARN_STRICT_PROTOTYPES = YES;
				CLANG_WARN_SUSPICIOUS_MOVE = YES;
				CLANG_WARN_UNGUARDED_AVAILABILITY = YES_AGGRESSIVE;
				CLANG_WARN_UNREACHABLE_CODE = YES;
				CLANG_WARN__DUPLICATE_METHOD_MATCH = YES;
				COPY_PHASE_STRIP = NO;
				DEBUG_INFORMATION_FORMAT = dwarf;
				ENABLE_STRICT_OBJC_MSGSEND = YES;
				ENABLE_TESTABILITY = YES;
				ENABLE_USER_SCRIPT_SANDBOXING = YES;
				GCC_C_LANGUAGE_STANDARD = gnu17;
				GCC_DYNAMIC_NO_PIC = NO;
				GCC_NO_COMMON_BLOCKS = YES;
				GCC_OPTIMIZATION_LEVEL = 0;
				GCC_PREPROCESSOR_DEFINITIONS = (
					"DEBUG=1",
					"$(inherited)",
				);
				GCC_WARN_64_TO_32_BIT_CONVERSION = YES;
				GCC_WARN_ABOUT_RETURN_TYPE = YES_ERROR;
				GCC_WARN_UNDECLARED_SELECTOR = YES;
				GCC_WARN_UNINITIALIZED_AUTOS = YES_AGGRESSIVE;
				GCC_WARN_UNUSED_FUNCTION = YES;
				GCC_WARN_UNUSED_VARIABLE = YES;
				IPHONEOS_DEPLOYMENT_TARGET = 17.2;
				LOCALIZATION_PREFERS_STRING_CATALOGS = YES;
				MTL_ENABLE_DEBUG_INFO = INCLUDE_SOURCE;
				MTL_FAST_MATH = YES;
				ONLY_ACTIVE_ARCH = YES;
				SDKROOT = iphoneos;
				SWIFT_ACTIVE_COMPILATION_CONDITIONS = "DEBUG $(inherited)";
				SWIFT_OPTIMIZATION_LEVEL = "-Onone";
			};
			name = Debug;
		};
		382781172B68585600F8BD59 /* Release */ = {
			isa = XCBuildConfiguration;
			buildSettings = {
				ALWAYS_SEARCH_USER_PATHS = NO;
				ASSETCATALOG_COMPILER_GENERATE_SWIFT_ASSET_SYMBOL_EXTENSIONS = YES;
				CLANG_ANALYZER_NONNULL = YES;
				CLANG_ANALYZER_NUMBER_OBJECT_CONVERSION = YES_AGGRESSIVE;
				CLANG_CXX_LANGUAGE_STANDARD = "gnu++20";
				CLANG_ENABLE_MODULES = YES;
				CLANG_ENABLE_OBJC_ARC = YES;
				CLANG_ENABLE_OBJC_WEAK = YES;
				CLANG_WARN_BLOCK_CAPTURE_AUTORELEASING = YES;
				CLANG_WARN_BOOL_CONVERSION = YES;
				CLANG_WARN_COMMA = YES;
				CLANG_WARN_CONSTANT_CONVERSION = YES;
				CLANG_WARN_DEPRECATED_OBJC_IMPLEMENTATIONS = YES;
				CLANG_WARN_DIRECT_OBJC_ISA_USAGE = YES_ERROR;
				CLANG_WARN_DOCUMENTATION_COMMENTS = YES;
				CLANG_WARN_EMPTY_BODY = YES;
				CLANG_WARN_ENUM_CONVERSION = YES;
				CLANG_WARN_INFINITE_RECURSION = YES;
				CLANG_WARN_INT_CONVERSION = YES;
				CLANG_WARN_NON_LITERAL_NULL_CONVERSION = YES;
				CLANG_WARN_OBJC_IMPLICIT_RETAIN_SELF = YES;
				CLANG_WARN_OBJC_LITERAL_CONVERSION = YES;
				CLANG_WARN_OBJC_ROOT_CLASS = YES_ERROR;
				CLANG_WARN_QUOTED_INCLUDE_IN_FRAMEWORK_HEADER = YES;
				CLANG_WARN_RANGE_LOOP_ANALYSIS = YES;
				CLANG_WARN_STRICT_PROTOTYPES = YES;
				CLANG_WARN_SUSPICIOUS_MOVE = YES;
				CLANG_WARN_UNGUARDED_AVAILABILITY = YES_AGGRESSIVE;
				CLANG_WARN_UNREACHABLE_CODE = YES;
				CLANG_WARN__DUPLICATE_METHOD_MATCH = YES;
				COPY_PHASE_STRIP = NO;
				DEBUG_INFORMATION_FORMAT = "dwarf-with-dsym";
				ENABLE_NS_ASSERTIONS = NO;
				ENABLE_STRICT_OBJC_MSGSEND = YES;
				ENABLE_USER_SCRIPT_SANDBOXING = YES;
				GCC_C_LANGUAGE_STANDARD = gnu17;
				GCC_NO_COMMON_BLOCKS = YES;
				GCC_WARN_64_TO_32_BIT_CONVERSION = YES;
				GCC_WARN_ABOUT_RETURN_TYPE = YES_ERROR;
				GCC_WARN_UNDECLARED_SELECTOR = YES;
				GCC_WARN_UNINITIALIZED_AUTOS = YES_AGGRESSIVE;
				GCC_WARN_UNUSED_FUNCTION = YES;
				GCC_WARN_UNUSED_VARIABLE = YES;
				IPHONEOS_DEPLOYMENT_TARGET = 17.2;
				LOCALIZATION_PREFERS_STRING_CATALOGS = YES;
				MTL_ENABLE_DEBUG_INFO = NO;
				MTL_FAST_MATH = YES;
				SDKROOT = iphoneos;
				SWIFT_COMPILATION_MODE = wholemodule;
				VALIDATE_PRODUCT = YES;
			};
			name = Release;
		};
		382781192B68585600F8BD59 /* Debug */ = {
			isa = XCBuildConfiguration;
			buildSettings = {
				ASSETCATALOG_COMPILER_APPICON_NAME = AppIcon;
				ASSETCATALOG_COMPILER_GLOBAL_ACCENT_COLOR_NAME = AccentColor;
				CODE_SIGN_IDENTITY = "Apple Development";
				CODE_SIGN_STYLE = Automatic;
				CURRENT_PROJECT_VERSION = 1;
				DEVELOPMENT_ASSET_PATHS = "\"TamToDoList/Preview Content\"";
				DEVELOPMENT_TEAM = D9LSS9M4U4;
				ENABLE_PREVIEWS = YES;
				GENERATE_INFOPLIST_FILE = YES;
				INFOPLIST_KEY_CFBundleDisplayName = "Tam To Do List";
				INFOPLIST_KEY_UIApplicationSceneManifest_Generation = YES;
				INFOPLIST_KEY_UIApplicationSupportsIndirectInputEvents = YES;
				INFOPLIST_KEY_UILaunchScreen_Generation = YES;
				INFOPLIST_KEY_UILaunchStoryboardName = "Launch Screen.storyboard";
				INFOPLIST_KEY_UISupportedInterfaceOrientations_iPad = "UIInterfaceOrientationPortrait UIInterfaceOrientationPortraitUpsideDown UIInterfaceOrientationLandscapeLeft UIInterfaceOrientationLandscapeRight";
				INFOPLIST_KEY_UISupportedInterfaceOrientations_iPhone = "UIInterfaceOrientationPortrait UIInterfaceOrientationLandscapeLeft UIInterfaceOrientationLandscapeRight";
				LD_RUNPATH_SEARCH_PATHS = (
					"$(inherited)",
					"@executable_path/Frameworks",
				);
				MARKETING_VERSION = 1.0;
				PRODUCT_BUNDLE_IDENTIFIER = Abhi.TamToDoList;
				PRODUCT_NAME = "$(TARGET_NAME)";
				PROVISIONING_PROFILE_SPECIFIER = "";
				SWIFT_EMIT_LOC_STRINGS = YES;
				SWIFT_VERSION = 5.0;
				TARGETED_DEVICE_FAMILY = "1,2";
			};
			name = Debug;
		};
		3827811A2B68585600F8BD59 /* Release */ = {
			isa = XCBuildConfiguration;
			buildSettings = {
				ASSETCATALOG_COMPILER_APPICON_NAME = AppIcon;
				ASSETCATALOG_COMPILER_GLOBAL_ACCENT_COLOR_NAME = AccentColor;
				CODE_SIGN_IDENTITY = "Apple Development";
				CODE_SIGN_STYLE = Automatic;
				CURRENT_PROJECT_VERSION = 1;
				DEVELOPMENT_ASSET_PATHS = "\"TamToDoList/Preview Content\"";
				DEVELOPMENT_TEAM = D9LSS9M4U4;
				ENABLE_PREVIEWS = YES;
				GENERATE_INFOPLIST_FILE = YES;
				INFOPLIST_KEY_CFBundleDisplayName = "Tam To Do List";
				INFOPLIST_KEY_UIApplicationSceneManifest_Generation = YES;
				INFOPLIST_KEY_UIApplicationSupportsIndirectInputEvents = YES;
				INFOPLIST_KEY_UILaunchScreen_Generation = YES;
				INFOPLIST_KEY_UILaunchStoryboardName = "Launch Screen.storyboard";
				INFOPLIST_KEY_UISupportedInterfaceOrientations_iPad = "UIInterfaceOrientationPortrait UIInterfaceOrientationPortraitUpsideDown UIInterfaceOrientationLandscapeLeft UIInterfaceOrientationLandscapeRight";
				INFOPLIST_KEY_UISupportedInterfaceOrientations_iPhone = "UIInterfaceOrientationPortrait UIInterfaceOrientationLandscapeLeft UIInterfaceOrientationLandscapeRight";
				LD_RUNPATH_SEARCH_PATHS = (
					"$(inherited)",
					"@executable_path/Frameworks",
				);
				MARKETING_VERSION = 1.0;
				PRODUCT_BUNDLE_IDENTIFIER = Abhi.TamToDoList;
				PRODUCT_NAME = "$(TARGET_NAME)";
				PROVISIONING_PROFILE_SPECIFIER = "";
				SWIFT_EMIT_LOC_STRINGS = YES;
				SWIFT_VERSION = 5.0;
				TARGETED_DEVICE_FAMILY = "1,2";
			};
			name = Release;
		};
/* End XCBuildConfiguration section */

/* Begin XCConfigurationList section */
		382780EF2B68584F00F8BD59 /* Build configuration list for PBXProject "TamToDoList" */ = {
			isa = XCConfigurationList;
			buildConfigurations = (
				382781162B68585600F8BD59 /* Debug */,
				382781172B68585600F8BD59 /* Release */,
			);
			defaultConfigurationIsVisible = 0;
			defaultConfigurationName = Release;
		};
		382781182B68585600F8BD59 /* Build configuration list for PBXNativeTarget "TamToDoList" */ = {
			isa = XCConfigurationList;
			buildConfigurations = (
				382781192B68585600F8BD59 /* Debug */,
				3827811A2B68585600F8BD59 /* Release */,
			);
			defaultConfigurationIsVisible = 0;
			defaultConfigurationName = Release;
		};
/* End XCConfigurationList section */

/* Begin XCRemoteSwiftPackageReference section */
		382DC3312B685E12000A5242 /* XCRemoteSwiftPackageReference "firebase-ios-sdk" */ = {
			isa = XCRemoteSwiftPackageReference;
			repositoryURL = "https://github.com/firebase/firebase-ios-sdk";
			requirement = {
				kind = upToNextMajorVersion;
				minimumVersion = 10.20.0;
			};
		};
/* End XCRemoteSwiftPackageReference section */

/* Begin XCSwiftPackageProductDependency section */
		382DC3322B685E12000A5242 /* FirebaseAnalytics */ = {
			isa = XCSwiftPackageProductDependency;
			package = 382DC3312B685E12000A5242 /* XCRemoteSwiftPackageReference "firebase-ios-sdk" */;
			productName = FirebaseAnalytics;
		};
		382DC3342B685E12000A5242 /* FirebaseAnalyticsOnDeviceConversion */ = {
			isa = XCSwiftPackageProductDependency;
			package = 382DC3312B685E12000A5242 /* XCRemoteSwiftPackageReference "firebase-ios-sdk" */;
			productName = FirebaseAnalyticsOnDeviceConversion;
		};
		382DC3362B685E12000A5242 /* FirebaseAnalyticsSwift */ = {
			isa = XCSwiftPackageProductDependency;
			package = 382DC3312B685E12000A5242 /* XCRemoteSwiftPackageReference "firebase-ios-sdk" */;
			productName = FirebaseAnalyticsSwift;
		};
		382DC3382B685E12000A5242 /* FirebaseAnalyticsWithoutAdIdSupport */ = {
			isa = XCSwiftPackageProductDependency;
			package = 382DC3312B685E12000A5242 /* XCRemoteSwiftPackageReference "firebase-ios-sdk" */;
			productName = FirebaseAnalyticsWithoutAdIdSupport;
		};
		382DC33A2B685E12000A5242 /* FirebaseAppCheck */ = {
			isa = XCSwiftPackageProductDependency;
			package = 382DC3312B685E12000A5242 /* XCRemoteSwiftPackageReference "firebase-ios-sdk" */;
			productName = FirebaseAppCheck;
		};
		387E06C22B69A2E5009D814C /* FirebaseAnalytics */ = {
			isa = XCSwiftPackageProductDependency;
			package = 382DC3312B685E12000A5242 /* XCRemoteSwiftPackageReference "firebase-ios-sdk" */;
			productName = FirebaseAnalytics;
		};
		387E06C42B69A2E5009D814C /* FirebaseAnalyticsOnDeviceConversion */ = {
			isa = XCSwiftPackageProductDependency;
			package = 382DC3312B685E12000A5242 /* XCRemoteSwiftPackageReference "firebase-ios-sdk" */;
			productName = FirebaseAnalyticsOnDeviceConversion;
		};
		387E06C62B69A2E5009D814C /* FirebaseAnalyticsSwift */ = {
			isa = XCSwiftPackageProductDependency;
			package = 382DC3312B685E12000A5242 /* XCRemoteSwiftPackageReference "firebase-ios-sdk" */;
			productName = FirebaseAnalyticsSwift;
		};
		387E06C82B69A2E5009D814C /* FirebaseAnalyticsWithoutAdIdSupport */ = {
			isa = XCSwiftPackageProductDependency;
			package = 382DC3312B685E12000A5242 /* XCRemoteSwiftPackageReference "firebase-ios-sdk" */;
			productName = FirebaseAnalyticsWithoutAdIdSupport;
		};
		387E06CA2B69A2E5009D814C /* FirebaseAppCheck */ = {
			isa = XCSwiftPackageProductDependency;
			package = 382DC3312B685E12000A5242 /* XCRemoteSwiftPackageReference "firebase-ios-sdk" */;
			productName = FirebaseAppCheck;
		};
		387E06CC2B69A2E5009D814C /* FirebaseAppDistribution-Beta */ = {
			isa = XCSwiftPackageProductDependency;
			package = 382DC3312B685E12000A5242 /* XCRemoteSwiftPackageReference "firebase-ios-sdk" */;
			productName = "FirebaseAppDistribution-Beta";
		};
		387E06CE2B69A2E5009D814C /* FirebaseAuth */ = {
			isa = XCSwiftPackageProductDependency;
			package = 382DC3312B685E12000A5242 /* XCRemoteSwiftPackageReference "firebase-ios-sdk" */;
			productName = FirebaseAuth;
		};
		387E06D02B69A2E5009D814C /* FirebaseAuthCombine-Community */ = {
			isa = XCSwiftPackageProductDependency;
			package = 382DC3312B685E12000A5242 /* XCRemoteSwiftPackageReference "firebase-ios-sdk" */;
			productName = "FirebaseAuthCombine-Community";
		};
		387E06D22B69A2E5009D814C /* FirebaseCrashlytics */ = {
			isa = XCSwiftPackageProductDependency;
			package = 382DC3312B685E12000A5242 /* XCRemoteSwiftPackageReference "firebase-ios-sdk" */;
			productName = FirebaseCrashlytics;
		};
		387E06D42B69A2E5009D814C /* FirebaseDatabase */ = {
			isa = XCSwiftPackageProductDependency;
			package = 382DC3312B685E12000A5242 /* XCRemoteSwiftPackageReference "firebase-ios-sdk" */;
			productName = FirebaseDatabase;
		};
		387E06D62B69A2E5009D814C /* FirebaseDatabaseSwift */ = {
			isa = XCSwiftPackageProductDependency;
			package = 382DC3312B685E12000A5242 /* XCRemoteSwiftPackageReference "firebase-ios-sdk" */;
			productName = FirebaseDatabaseSwift;
		};
		387E06D82B69A2E5009D814C /* FirebaseDynamicLinks */ = {
			isa = XCSwiftPackageProductDependency;
			package = 382DC3312B685E12000A5242 /* XCRemoteSwiftPackageReference "firebase-ios-sdk" */;
			productName = FirebaseDynamicLinks;
		};
		387E06DA2B69A2E5009D814C /* FirebaseFirestore */ = {
			isa = XCSwiftPackageProductDependency;
			package = 382DC3312B685E12000A5242 /* XCRemoteSwiftPackageReference "firebase-ios-sdk" */;
			productName = FirebaseFirestore;
		};
		387E06DC2B69A2E5009D814C /* FirebaseFirestoreCombine-Community */ = {
			isa = XCSwiftPackageProductDependency;
			package = 382DC3312B685E12000A5242 /* XCRemoteSwiftPackageReference "firebase-ios-sdk" */;
			productName = "FirebaseFirestoreCombine-Community";
		};
		387E06DE2B69A2E5009D814C /* FirebaseFirestoreSwift */ = {
			isa = XCSwiftPackageProductDependency;
			package = 382DC3312B685E12000A5242 /* XCRemoteSwiftPackageReference "firebase-ios-sdk" */;
			productName = FirebaseFirestoreSwift;
		};
		387E06E02B69A2E5009D814C /* FirebaseFunctions */ = {
			isa = XCSwiftPackageProductDependency;
			package = 382DC3312B685E12000A5242 /* XCRemoteSwiftPackageReference "firebase-ios-sdk" */;
			productName = FirebaseFunctions;
		};
		387E06E22B69A2E5009D814C /* FirebaseFunctionsCombine-Community */ = {
			isa = XCSwiftPackageProductDependency;
			package = 382DC3312B685E12000A5242 /* XCRemoteSwiftPackageReference "firebase-ios-sdk" */;
			productName = "FirebaseFunctionsCombine-Community";
		};
		387E06E42B69A2E5009D814C /* FirebaseInAppMessaging-Beta */ = {
			isa = XCSwiftPackageProductDependency;
			package = 382DC3312B685E12000A5242 /* XCRemoteSwiftPackageReference "firebase-ios-sdk" */;
			productName = "FirebaseInAppMessaging-Beta";
		};
		387E06E62B69A2E5009D814C /* FirebaseInAppMessagingSwift-Beta */ = {
			isa = XCSwiftPackageProductDependency;
			package = 382DC3312B685E12000A5242 /* XCRemoteSwiftPackageReference "firebase-ios-sdk" */;
			productName = "FirebaseInAppMessagingSwift-Beta";
		};
		387E06E82B69A2E5009D814C /* FirebaseInstallations */ = {
			isa = XCSwiftPackageProductDependency;
			package = 382DC3312B685E12000A5242 /* XCRemoteSwiftPackageReference "firebase-ios-sdk" */;
			productName = FirebaseInstallations;
		};
		387E06EA2B69A2E5009D814C /* FirebaseMLModelDownloader */ = {
			isa = XCSwiftPackageProductDependency;
			package = 382DC3312B685E12000A5242 /* XCRemoteSwiftPackageReference "firebase-ios-sdk" */;
			productName = FirebaseMLModelDownloader;
		};
		387E06EC2B69A2E5009D814C /* FirebaseMessaging */ = {
			isa = XCSwiftPackageProductDependency;
			package = 382DC3312B685E12000A5242 /* XCRemoteSwiftPackageReference "firebase-ios-sdk" */;
			productName = FirebaseMessaging;
		};
		387E06EE2B69A2E5009D814C /* FirebasePerformance */ = {
			isa = XCSwiftPackageProductDependency;
			package = 382DC3312B685E12000A5242 /* XCRemoteSwiftPackageReference "firebase-ios-sdk" */;
			productName = FirebasePerformance;
		};
		387E06F02B69A2E5009D814C /* FirebaseRemoteConfig */ = {
			isa = XCSwiftPackageProductDependency;
			package = 382DC3312B685E12000A5242 /* XCRemoteSwiftPackageReference "firebase-ios-sdk" */;
			productName = FirebaseRemoteConfig;
		};
		387E06F22B69A2E5009D814C /* FirebaseRemoteConfigSwift */ = {
			isa = XCSwiftPackageProductDependency;
			package = 382DC3312B685E12000A5242 /* XCRemoteSwiftPackageReference "firebase-ios-sdk" */;
			productName = FirebaseRemoteConfigSwift;
		};
		387E06F42B69A2E5009D814C /* FirebaseStorage */ = {
			isa = XCSwiftPackageProductDependency;
			package = 382DC3312B685E12000A5242 /* XCRemoteSwiftPackageReference "firebase-ios-sdk" */;
			productName = FirebaseStorage;
		};
		387E06F62B69A2E5009D814C /* FirebaseStorageCombine-Community */ = {
			isa = XCSwiftPackageProductDependency;
			package = 382DC3312B685E12000A5242 /* XCRemoteSwiftPackageReference "firebase-ios-sdk" */;
			productName = "FirebaseStorageCombine-Community";
		};
/* End XCSwiftPackageProductDependency section */
	};
	rootObject = 382780EC2B68584F00F8BD59 /* Project object */;
}
